// !$*UTF8*$!
{
	archiveVersion = 1;
	classes = {
	};
	objectVersion = 46;
	objects = {

/* Begin PBXBuildFile section */
		0BCF6F581AED9748005BC1E1 /* libCorePlot-CocoaTouch.a in Frameworks */ = {isa = PBXBuildFile; fileRef = 0BD71BB01AED94180015FC8F /* libCorePlot-CocoaTouch.a */; };
		0BCF6F5A1AED989B005BC1E1 /* QuartzCore.framework in Frameworks */ = {isa = PBXBuildFile; fileRef = 0BD718331AED90510015FC8F /* QuartzCore.framework */; };
		0BCF6F5C1AED98A7005BC1E1 /* Accelerate.framework in Frameworks */ = {isa = PBXBuildFile; fileRef = 0BCF6F5B1AED98A7005BC1E1 /* Accelerate.framework */; };
		E61318211AE471F300829760 /* main.m in Sources */ = {isa = PBXBuildFile; fileRef = E61318201AE471F300829760 /* main.m */; };
		E61318241AE471F300829760 /* AppDelegate.m in Sources */ = {isa = PBXBuildFile; fileRef = E61318231AE471F300829760 /* AppDelegate.m */; };
		E613182C1AE471F300829760 /* Images.xcassets in Resources */ = {isa = PBXBuildFile; fileRef = E613182B1AE471F300829760 /* Images.xcassets */; };
		E613182F1AE471F300829760 /* LaunchScreen.xib in Resources */ = {isa = PBXBuildFile; fileRef = E613182D1AE471F300829760 /* LaunchScreen.xib */; };
		E613183B1AE471F400829760 /* InPaceTests.m in Sources */ = {isa = PBXBuildFile; fileRef = E613183A1AE471F400829760 /* InPaceTests.m */; };
		E61318511AE4726200829760 /* BTDiscover.m in Sources */ = {isa = PBXBuildFile; fileRef = E61318451AE4726100829760 /* BTDiscover.m */; };
		E61318521AE4726200829760 /* BTSendRec.m in Sources */ = {isa = PBXBuildFile; fileRef = E61318471AE4726100829760 /* BTSendRec.m */; };
		E61318531AE4726200829760 /* Database.db in Resources */ = {isa = PBXBuildFile; fileRef = E61318481AE4726200829760 /* Database.db */; };
		E61318541AE4726200829760 /* Database.m in Sources */ = {isa = PBXBuildFile; fileRef = E613184A1AE4726200829760 /* Database.m */; };
		E61318551AE4726200829760 /* RouteInfoViewController.m in Sources */ = {isa = PBXBuildFile; fileRef = E613184C1AE4726200829760 /* RouteInfoViewController.m */; };
		E61318561AE4726200829760 /* RoutesViewController.m in Sources */ = {isa = PBXBuildFile; fileRef = E613184E1AE4726200829760 /* RoutesViewController.m */; };
		E61318571AE4726200829760 /* SettingsViewController.m in Sources */ = {isa = PBXBuildFile; fileRef = E61318501AE4726200829760 /* SettingsViewController.m */; };
		E61318591AE4734D00829760 /* libsqlite3.dylib in Frameworks */ = {isa = PBXBuildFile; fileRef = E61318581AE4734D00829760 /* libsqlite3.dylib */; };
		E613185B1AE474CC00829760 /* Main.storyboard in Resources */ = {isa = PBXBuildFile; fileRef = E613185A1AE474CC00829760 /* Main.storyboard */; };
		E613185D1AE4766600829760 /* ViewController.m in Sources */ = {isa = PBXBuildFile; fileRef = E613185C1AE4766500829760 /* ViewController.m */; };
		E613A1041AE47BF700AACE6B /* SyncDataViewController.m in Sources */ = {isa = PBXBuildFile; fileRef = E613A1031AE47BF700AACE6B /* SyncDataViewController.m */; };
		E6A05D641AE4DAB100EE47EB /* Icon.png in Resources */ = {isa = PBXBuildFile; fileRef = E6A05D631AE4DAB100EE47EB /* Icon.png */; };
		E6D2B4AB1AE8161300931A2C /* MapKit.framework in Frameworks */ = {isa = PBXBuildFile; fileRef = E6D2B4AA1AE8161300931A2C /* MapKit.framework */; };
/* End PBXBuildFile section */

/* Begin PBXContainerItemProxy section */
		0BD71BAF1AED94180015FC8F /* PBXContainerItemProxy */ = {
			isa = PBXContainerItemProxy;
			containerPortal = 0BD71BA91AED94180015FC8F /* CorePlot-CocoaTouch.xcodeproj */;
			proxyType = 2;
			remoteGlobalIDString = BC9B83470FB8A0A40035D8DA;
			remoteInfo = "CorePlot-CocoaTouch";
		};
		0BD71BB61AED94680015FC8F /* PBXContainerItemProxy */ = {
			isa = PBXContainerItemProxy;
			containerPortal = 0BD71BA91AED94180015FC8F /* CorePlot-CocoaTouch.xcodeproj */;
			proxyType = 1;
			remoteGlobalIDString = BC9B83460FB8A0A40035D8DA;
			remoteInfo = "CorePlot-CocoaTouch";
		};
		E61318351AE471F400829760 /* PBXContainerItemProxy */ = {
			isa = PBXContainerItemProxy;
			containerPortal = E61318131AE471F200829760 /* Project object */;
			proxyType = 1;
			remoteGlobalIDString = E613181A1AE471F300829760;
			remoteInfo = InPace;
		};
/* End PBXContainerItemProxy section */

/* Begin PBXFileReference section */
		0BCF6F5B1AED98A7005BC1E1 /* Accelerate.framework */ = {isa = PBXFileReference; lastKnownFileType = wrapper.framework; name = Accelerate.framework; path = System/Library/Frameworks/Accelerate.framework; sourceTree = SDKROOT; };
		0BD718331AED90510015FC8F /* QuartzCore.framework */ = {isa = PBXFileReference; lastKnownFileType = wrapper.framework; name = QuartzCore.framework; path = System/Library/Frameworks/QuartzCore.framework; sourceTree = SDKROOT; };
		0BD71BA91AED94180015FC8F /* CorePlot-CocoaTouch.xcodeproj */ = {isa = PBXFileReference; lastKnownFileType = "wrapper.pb-project"; name = "CorePlot-CocoaTouch.xcodeproj"; path = "InPace/core-plot/framework/CorePlot-CocoaTouch.xcodeproj"; sourceTree = "<group>"; };
		E613181B1AE471F300829760 /* InPace.app */ = {isa = PBXFileReference; explicitFileType = wrapper.application; includeInIndex = 0; path = InPace.app; sourceTree = BUILT_PRODUCTS_DIR; };
		E613181F1AE471F300829760 /* Info.plist */ = {isa = PBXFileReference; lastKnownFileType = text.plist.xml; path = Info.plist; sourceTree = "<group>"; };
		E61318201AE471F300829760 /* main.m */ = {isa = PBXFileReference; lastKnownFileType = sourcecode.c.objc; path = main.m; sourceTree = "<group>"; };
		E61318221AE471F300829760 /* AppDelegate.h */ = {isa = PBXFileReference; lastKnownFileType = sourcecode.c.h; path = AppDelegate.h; sourceTree = "<group>"; };
		E61318231AE471F300829760 /* AppDelegate.m */ = {isa = PBXFileReference; lastKnownFileType = sourcecode.c.objc; path = AppDelegate.m; sourceTree = "<group>"; };
		E61318251AE471F300829760 /* ViewController.h */ = {isa = PBXFileReference; lastKnownFileType = sourcecode.c.h; path = ViewController.h; sourceTree = "<group>"; };
		E613182B1AE471F300829760 /* Images.xcassets */ = {isa = PBXFileReference; lastKnownFileType = folder.assetcatalog; path = Images.xcassets; sourceTree = "<group>"; };
		E613182E1AE471F300829760 /* Base */ = {isa = PBXFileReference; lastKnownFileType = file.xib; name = Base; path = Base.lproj/LaunchScreen.xib; sourceTree = "<group>"; };
		E61318341AE471F400829760 /* InPaceTests.xctest */ = {isa = PBXFileReference; explicitFileType = wrapper.cfbundle; includeInIndex = 0; path = InPaceTests.xctest; sourceTree = BUILT_PRODUCTS_DIR; };
		E61318391AE471F400829760 /* Info.plist */ = {isa = PBXFileReference; lastKnownFileType = text.plist.xml; path = Info.plist; sourceTree = "<group>"; };
		E613183A1AE471F400829760 /* InPaceTests.m */ = {isa = PBXFileReference; lastKnownFileType = sourcecode.c.objc; path = InPaceTests.m; sourceTree = "<group>"; };
		E61318441AE4726100829760 /* BTDiscover.h */ = {isa = PBXFileReference; fileEncoding = 4; lastKnownFileType = sourcecode.c.h; path = BTDiscover.h; sourceTree = "<group>"; };
		E61318451AE4726100829760 /* BTDiscover.m */ = {isa = PBXFileReference; fileEncoding = 4; lastKnownFileType = sourcecode.c.objc; path = BTDiscover.m; sourceTree = "<group>"; };
		E61318461AE4726100829760 /* BTSendRec.h */ = {isa = PBXFileReference; fileEncoding = 4; lastKnownFileType = sourcecode.c.h; path = BTSendRec.h; sourceTree = "<group>"; };
		E61318471AE4726100829760 /* BTSendRec.m */ = {isa = PBXFileReference; fileEncoding = 4; lastKnownFileType = sourcecode.c.objc; path = BTSendRec.m; sourceTree = "<group>"; };
		E61318481AE4726200829760 /* Database.db */ = {isa = PBXFileReference; lastKnownFileType = file; path = Database.db; sourceTree = "<group>"; };
		E61318491AE4726200829760 /* Database.h */ = {isa = PBXFileReference; fileEncoding = 4; lastKnownFileType = sourcecode.c.h; path = Database.h; sourceTree = "<group>"; };
		E613184A1AE4726200829760 /* Database.m */ = {isa = PBXFileReference; fileEncoding = 4; lastKnownFileType = sourcecode.c.objc; path = Database.m; sourceTree = "<group>"; };
		E613184B1AE4726200829760 /* RouteInfoViewController.h */ = {isa = PBXFileReference; fileEncoding = 4; lastKnownFileType = sourcecode.c.h; path = RouteInfoViewController.h; sourceTree = "<group>"; };
		E613184C1AE4726200829760 /* RouteInfoViewController.m */ = {isa = PBXFileReference; fileEncoding = 4; lastKnownFileType = sourcecode.c.objc; path = RouteInfoViewController.m; sourceTree = "<group>"; };
		E613184D1AE4726200829760 /* RoutesViewController.h */ = {isa = PBXFileReference; fileEncoding = 4; lastKnownFileType = sourcecode.c.h; path = RoutesViewController.h; sourceTree = "<group>"; };
		E613184E1AE4726200829760 /* RoutesViewController.m */ = {isa = PBXFileReference; fileEncoding = 4; lastKnownFileType = sourcecode.c.objc; path = RoutesViewController.m; sourceTree = "<group>"; };
		E613184F1AE4726200829760 /* SettingsViewController.h */ = {isa = PBXFileReference; fileEncoding = 4; lastKnownFileType = sourcecode.c.h; path = SettingsViewController.h; sourceTree = "<group>"; };
		E61318501AE4726200829760 /* SettingsViewController.m */ = {isa = PBXFileReference; fileEncoding = 4; lastKnownFileType = sourcecode.c.objc; path = SettingsViewController.m; sourceTree = "<group>"; };
		E61318581AE4734D00829760 /* libsqlite3.dylib */ = {isa = PBXFileReference; lastKnownFileType = "compiled.mach-o.dylib"; name = libsqlite3.dylib; path = usr/lib/libsqlite3.dylib; sourceTree = SDKROOT; };
		E613185A1AE474CC00829760 /* Main.storyboard */ = {isa = PBXFileReference; fileEncoding = 4; lastKnownFileType = file.storyboard; path = Main.storyboard; sourceTree = "<group>"; };
		E613185C1AE4766500829760 /* ViewController.m */ = {isa = PBXFileReference; fileEncoding = 4; lastKnownFileType = sourcecode.c.objc; path = ViewController.m; sourceTree = "<group>"; };
		E613A1021AE47BDA00AACE6B /* SyncDataViewController.h */ = {isa = PBXFileReference; lastKnownFileType = sourcecode.c.h; path = SyncDataViewController.h; sourceTree = "<group>"; };
		E613A1031AE47BF700AACE6B /* SyncDataViewController.m */ = {isa = PBXFileReference; fileEncoding = 4; lastKnownFileType = sourcecode.c.objc; path = SyncDataViewController.m; sourceTree = "<group>"; };
		E6A05D631AE4DAB100EE47EB /* Icon.png */ = {isa = PBXFileReference; lastKnownFileType = image.png; path = Icon.png; sourceTree = "<group>"; };
		E6D2B4AA1AE8161300931A2C /* MapKit.framework */ = {isa = PBXFileReference; lastKnownFileType = wrapper.framework; name = MapKit.framework; path = System/Library/Frameworks/MapKit.framework; sourceTree = SDKROOT; };
/* End PBXFileReference section */

/* Begin PBXFrameworksBuildPhase section */
		E61318181AE471F300829760 /* Frameworks */ = {
			isa = PBXFrameworksBuildPhase;
			buildActionMask = 2147483647;
			files = (
				0BCF6F5C1AED98A7005BC1E1 /* Accelerate.framework in Frameworks */,
				0BCF6F5A1AED989B005BC1E1 /* QuartzCore.framework in Frameworks */,
				E6D2B4AB1AE8161300931A2C /* MapKit.framework in Frameworks */,
				0BCF6F581AED9748005BC1E1 /* libCorePlot-CocoaTouch.a in Frameworks */,
				E61318591AE4734D00829760 /* libsqlite3.dylib in Frameworks */,
			);
			runOnlyForDeploymentPostprocessing = 0;
		};
		E61318311AE471F400829760 /* Frameworks */ = {
			isa = PBXFrameworksBuildPhase;
			buildActionMask = 2147483647;
			files = (
			);
			runOnlyForDeploymentPostprocessing = 0;
		};
/* End PBXFrameworksBuildPhase section */

/* Begin PBXGroup section */
		0BD71BAA1AED94180015FC8F /* Products */ = {
			isa = PBXGroup;
			children = (
				0BD71BB01AED94180015FC8F /* libCorePlot-CocoaTouch.a */,
			);
			name = Products;
			sourceTree = "<group>";
		};
		E61318121AE471F200829760 = {
			isa = PBXGroup;
			children = (
				0BCF6F5B1AED98A7005BC1E1 /* Accelerate.framework */,
				0BD71BA91AED94180015FC8F /* CorePlot-CocoaTouch.xcodeproj */,
				0BD718331AED90510015FC8F /* QuartzCore.framework */,
				E6D2B4AA1AE8161300931A2C /* MapKit.framework */,
				E61318581AE4734D00829760 /* libsqlite3.dylib */,
				E613181D1AE471F300829760 /* InPace */,
				E61318371AE471F400829760 /* InPaceTests */,
				E613181C1AE471F300829760 /* Products */,
			);
			sourceTree = "<group>";
		};
		E613181C1AE471F300829760 /* Products */ = {
			isa = PBXGroup;
			children = (
				E613181B1AE471F300829760 /* InPace.app */,
				E61318341AE471F400829760 /* InPaceTests.xctest */,
			);
			name = Products;
			sourceTree = "<group>";
		};
		E613181D1AE471F300829760 /* InPace */ = {
			isa = PBXGroup;
			children = (
				E613185A1AE474CC00829760 /* Main.storyboard */,
				E61318221AE471F300829760 /* AppDelegate.h */,
				E61318231AE471F300829760 /* AppDelegate.m */,
				E61318441AE4726100829760 /* BTDiscover.h */,
				E61318451AE4726100829760 /* BTDiscover.m */,
				E61318461AE4726100829760 /* BTSendRec.h */,
				E61318471AE4726100829760 /* BTSendRec.m */,
				E61318481AE4726200829760 /* Database.db */,
				E61318491AE4726200829760 /* Database.h */,
				E613184A1AE4726200829760 /* Database.m */,
				E613184B1AE4726200829760 /* RouteInfoViewController.h */,
				E613184C1AE4726200829760 /* RouteInfoViewController.m */,
				E613184D1AE4726200829760 /* RoutesViewController.h */,
				E613184E1AE4726200829760 /* RoutesViewController.m */,
				E613184F1AE4726200829760 /* SettingsViewController.h */,
				E61318501AE4726200829760 /* SettingsViewController.m */,
				E613A1021AE47BDA00AACE6B /* SyncDataViewController.h */,
				E613A1031AE47BF700AACE6B /* SyncDataViewController.m */,
				E61318251AE471F300829760 /* ViewController.h */,
				E613185C1AE4766500829760 /* ViewController.m */,
				E613182B1AE471F300829760 /* Images.xcassets */,
				E613182D1AE471F300829760 /* LaunchScreen.xib */,
				E6A05D631AE4DAB100EE47EB /* Icon.png */,
				E613181E1AE471F300829760 /* Supporting Files */,
			);
			path = InPace;
			sourceTree = "<group>";
		};
		E613181E1AE471F300829760 /* Supporting Files */ = {
			isa = PBXGroup;
			children = (
				E613181F1AE471F300829760 /* Info.plist */,
				E61318201AE471F300829760 /* main.m */,
			);
			name = "Supporting Files";
			sourceTree = "<group>";
		};
		E61318371AE471F400829760 /* InPaceTests */ = {
			isa = PBXGroup;
			children = (
				E613183A1AE471F400829760 /* InPaceTests.m */,
				E61318381AE471F400829760 /* Supporting Files */,
			);
			path = InPaceTests;
			sourceTree = "<group>";
		};
		E61318381AE471F400829760 /* Supporting Files */ = {
			isa = PBXGroup;
			children = (
				E61318391AE471F400829760 /* Info.plist */,
			);
			name = "Supporting Files";
			sourceTree = "<group>";
		};
/* End PBXGroup section */

/* Begin PBXNativeTarget section */
		E613181A1AE471F300829760 /* InPace */ = {
			isa = PBXNativeTarget;
			buildConfigurationList = E613183E1AE471F400829760 /* Build configuration list for PBXNativeTarget "InPace" */;
			buildPhases = (
				E61318171AE471F300829760 /* Sources */,
				E61318181AE471F300829760 /* Frameworks */,
				E61318191AE471F300829760 /* Resources */,
			);
			buildRules = (
			);
			dependencies = (
				0BD71BB71AED94680015FC8F /* PBXTargetDependency */,
			);
			name = InPace;
			productName = InPace;
			productReference = E613181B1AE471F300829760 /* InPace.app */;
			productType = "com.apple.product-type.application";
		};
		E61318331AE471F400829760 /* InPaceTests */ = {
			isa = PBXNativeTarget;
			buildConfigurationList = E61318411AE471F400829760 /* Build configuration list for PBXNativeTarget "InPaceTests" */;
			buildPhases = (
				E61318301AE471F400829760 /* Sources */,
				E61318311AE471F400829760 /* Frameworks */,
				E61318321AE471F400829760 /* Resources */,
			);
			buildRules = (
			);
			dependencies = (
				E61318361AE471F400829760 /* PBXTargetDependency */,
			);
			name = InPaceTests;
			productName = InPaceTests;
			productReference = E61318341AE471F400829760 /* InPaceTests.xctest */;
			productType = "com.apple.product-type.bundle.unit-test";
		};
/* End PBXNativeTarget section */

/* Begin PBXProject section */
		E61318131AE471F200829760 /* Project object */ = {
			isa = PBXProject;
			attributes = {
				LastUpgradeCheck = 0630;
				ORGANIZATIONNAME = "Hans Heidmann";
				TargetAttributes = {
					E613181A1AE471F300829760 = {
						CreatedOnToolsVersion = 6.3;
						DevelopmentTeam = BT63W359N5;
					};
					E61318331AE471F400829760 = {
						CreatedOnToolsVersion = 6.3;
						TestTargetID = E613181A1AE471F300829760;
					};
				};
			};
			buildConfigurationList = E61318161AE471F200829760 /* Build configuration list for PBXProject "InPace" */;
			compatibilityVersion = "Xcode 3.2";
			developmentRegion = English;
			hasScannedForEncodings = 0;
			knownRegions = (
				en,
				Base,
				English,
			);
			mainGroup = E61318121AE471F200829760;
			productRefGroup = E613181C1AE471F300829760 /* Products */;
			projectDirPath = "";
			projectReferences = (
				{
					ProductGroup = 0BD71BAA1AED94180015FC8F /* Products */;
					ProjectRef = 0BD71BA91AED94180015FC8F /* CorePlot-CocoaTouch.xcodeproj */;
				},
			);
			projectRoot = "";
			targets = (
				E613181A1AE471F300829760 /* InPace */,
				E61318331AE471F400829760 /* InPaceTests */,
			);
		};
/* End PBXProject section */

/* Begin PBXReferenceProxy section */
		0BD71BB01AED94180015FC8F /* libCorePlot-CocoaTouch.a */ = {
			isa = PBXReferenceProxy;
			fileType = archive.ar;
			path = "libCorePlot-CocoaTouch.a";
			remoteRef = 0BD71BAF1AED94180015FC8F /* PBXContainerItemProxy */;
			sourceTree = BUILT_PRODUCTS_DIR;
		};
/* End PBXReferenceProxy section */

/* Begin PBXResourcesBuildPhase section */
		E61318191AE471F300829760 /* Resources */ = {
			isa = PBXResourcesBuildPhase;
			buildActionMask = 2147483647;
			files = (
				E6A05D641AE4DAB100EE47EB /* Icon.png in Resources */,
				E61318531AE4726200829760 /* Database.db in Resources */,
				E613182F1AE471F300829760 /* LaunchScreen.xib in Resources */,
				E613182C1AE471F300829760 /* Images.xcassets in Resources */,
				E613185B1AE474CC00829760 /* Main.storyboard in Resources */,
			);
			runOnlyForDeploymentPostprocessing = 0;
		};
		E61318321AE471F400829760 /* Resources */ = {
			isa = PBXResourcesBuildPhase;
			buildActionMask = 2147483647;
			files = (
			);
			runOnlyForDeploymentPostprocessing = 0;
		};
/* End PBXResourcesBuildPhase section */

/* Begin PBXSourcesBuildPhase section */
		E61318171AE471F300829760 /* Sources */ = {
			isa = PBXSourcesBuildPhase;
			buildActionMask = 2147483647;
			files = (
				E613185D1AE4766600829760 /* ViewController.m in Sources */,
				E61318511AE4726200829760 /* BTDiscover.m in Sources */,
				E61318561AE4726200829760 /* RoutesViewController.m in Sources */,
				E613A1041AE47BF700AACE6B /* SyncDataViewController.m in Sources */,
				E61318571AE4726200829760 /* SettingsViewController.m in Sources */,
				E61318521AE4726200829760 /* BTSendRec.m in Sources */,
				E61318241AE471F300829760 /* AppDelegate.m in Sources */,
				E61318551AE4726200829760 /* RouteInfoViewController.m in Sources */,
				E61318541AE4726200829760 /* Database.m in Sources */,
				E61318211AE471F300829760 /* main.m in Sources */,
			);
			runOnlyForDeploymentPostprocessing = 0;
		};
		E61318301AE471F400829760 /* Sources */ = {
			isa = PBXSourcesBuildPhase;
			buildActionMask = 2147483647;
			files = (
				E613183B1AE471F400829760 /* InPaceTests.m in Sources */,
			);
			runOnlyForDeploymentPostprocessing = 0;
		};
/* End PBXSourcesBuildPhase section */

/* Begin PBXTargetDependency section */
		0BD71BB71AED94680015FC8F /* PBXTargetDependency */ = {
			isa = PBXTargetDependency;
			name = "CorePlot-CocoaTouch";
			targetProxy = 0BD71BB61AED94680015FC8F /* PBXContainerItemProxy */;
		};
		E61318361AE471F400829760 /* PBXTargetDependency */ = {
			isa = PBXTargetDependency;
			target = E613181A1AE471F300829760 /* InPace */;
			targetProxy = E61318351AE471F400829760 /* PBXContainerItemProxy */;
		};
/* End PBXTargetDependency section */

/* Begin PBXVariantGroup section */
		E613182D1AE471F300829760 /* LaunchScreen.xib */ = {
			isa = PBXVariantGroup;
			children = (
				E613182E1AE471F300829760 /* Base */,
			);
			name = LaunchScreen.xib;
			sourceTree = "<group>";
		};
/* End PBXVariantGroup section */

/* Begin XCBuildConfiguration section */
		E613183C1AE471F400829760 /* Debug */ = {
			isa = XCBuildConfiguration;
			buildSettings = {
				ALWAYS_SEARCH_USER_PATHS = NO;
				CLANG_CXX_LANGUAGE_STANDARD = "gnu++0x";
				CLANG_CXX_LIBRARY = "libc++";
				CLANG_ENABLE_MODULES = YES;
				CLANG_ENABLE_OBJC_ARC = YES;
				CLANG_WARN_BOOL_CONVERSION = YES;
				CLANG_WARN_CONSTANT_CONVERSION = YES;
				CLANG_WARN_DIRECT_OBJC_ISA_USAGE = YES_ERROR;
				CLANG_WARN_EMPTY_BODY = YES;
				CLANG_WARN_ENUM_CONVERSION = YES;
				CLANG_WARN_INT_CONVERSION = YES;
				CLANG_WARN_OBJC_ROOT_CLASS = YES_ERROR;
				CLANG_WARN_UNREACHABLE_CODE = YES;
				CLANG_WARN__DUPLICATE_METHOD_MATCH = YES;
				"CODE_SIGN_IDENTITY[sdk=iphoneos*]" = "iPhone Developer";
				COPY_PHASE_STRIP = NO;
				DEBUG_INFORMATION_FORMAT = "dwarf-with-dsym";
				ENABLE_STRICT_OBJC_MSGSEND = YES;
				GCC_C_LANGUAGE_STANDARD = gnu99;
				GCC_DYNAMIC_NO_PIC = NO;
				GCC_NO_COMMON_BLOCKS = YES;
				GCC_OPTIMIZATION_LEVEL = 0;
				GCC_PREPROCESSOR_DEFINITIONS = (
					"DEBUG=1",
					"$(inherited)",
				);
				GCC_SYMBOLS_PRIVATE_EXTERN = NO;
				GCC_WARN_64_TO_32_BIT_CONVERSION = YES;
				GCC_WARN_ABOUT_RETURN_TYPE = YES_ERROR;
				GCC_WARN_UNDECLARED_SELECTOR = YES;
				GCC_WARN_UNINITIALIZED_AUTOS = YES_AGGRESSIVE;
				GCC_WARN_UNUSED_FUNCTION = YES;
				GCC_WARN_UNUSED_VARIABLE = YES;
				IPHONEOS_DEPLOYMENT_TARGET = 8.3;
				MTL_ENABLE_DEBUG_INFO = YES;
				ONLY_ACTIVE_ARCH = YES;
				SDKROOT = iphoneos;
			};
			name = Debug;
		};
		E613183D1AE471F400829760 /* Release */ = {
			isa = XCBuildConfiguration;
			buildSettings = {
				ALWAYS_SEARCH_USER_PATHS = NO;
				CLANG_CXX_LANGUAGE_STANDARD = "gnu++0x";
				CLANG_CXX_LIBRARY = "libc++";
				CLANG_ENABLE_MODULES = YES;
				CLANG_ENABLE_OBJC_ARC = YES;
				CLANG_WARN_BOOL_CONVERSION = YES;
				CLANG_WARN_CONSTANT_CONVERSION = YES;
				CLANG_WARN_DIRECT_OBJC_ISA_USAGE = YES_ERROR;
				CLANG_WARN_EMPTY_BODY = YES;
				CLANG_WARN_ENUM_CONVERSION = YES;
				CLANG_WARN_INT_CONVERSION = YES;
				CLANG_WARN_OBJC_ROOT_CLASS = YES_ERROR;
				CLANG_WARN_UNREACHABLE_CODE = YES;
				CLANG_WARN__DUPLICATE_METHOD_MATCH = YES;
				"CODE_SIGN_IDENTITY[sdk=iphoneos*]" = "iPhone Developer";
				COPY_PHASE_STRIP = NO;
				DEBUG_INFORMATION_FORMAT = "dwarf-with-dsym";
				ENABLE_NS_ASSERTIONS = NO;
				ENABLE_STRICT_OBJC_MSGSEND = YES;
				GCC_C_LANGUAGE_STANDARD = gnu99;
				GCC_NO_COMMON_BLOCKS = YES;
				GCC_WARN_64_TO_32_BIT_CONVERSION = YES;
				GCC_WARN_ABOUT_RETURN_TYPE = YES_ERROR;
				GCC_WARN_UNDECLARED_SELECTOR = YES;
				GCC_WARN_UNINITIALIZED_AUTOS = YES_AGGRESSIVE;
				GCC_WARN_UNUSED_FUNCTION = YES;
				GCC_WARN_UNUSED_VARIABLE = YES;
				IPHONEOS_DEPLOYMENT_TARGET = 8.3;
				MTL_ENABLE_DEBUG_INFO = NO;
				SDKROOT = iphoneos;
				VALIDATE_PRODUCT = YES;
			};
			name = Release;
		};
		E613183F1AE471F400829760 /* Debug */ = {
			isa = XCBuildConfiguration;
			buildSettings = {
				ASSETCATALOG_COMPILER_APPICON_NAME = AppIcon;
				ASSETCATALOG_COMPILER_LAUNCHIMAGE_NAME = LaunchImage;
				CODE_SIGN_IDENTITY = "iPhone Developer";
				"CODE_SIGN_IDENTITY[sdk=iphoneos*]" = "iPhone Developer";
				HEADER_SEARCH_PATHS = (
					"$(inherited)",
					/Applications/Xcode.app/Contents/Developer/Toolchains/XcodeDefault.xctoolchain/usr/include,
					"/Users/madisonrockwell/Documents/CS-3308-Project/InPace/InPace/core-plot/framework/**",
				);
				INFOPLIST_FILE = "$(SRCROOT)/InPace/Info.plist";
				IPHONEOS_DEPLOYMENT_TARGET = 8.0;
				LD_RUNPATH_SEARCH_PATHS = "$(inherited) @executable_path/Frameworks";
				PRODUCT_NAME = "$(TARGET_NAME)";
				PROVISIONING_PROFILE = "";
			};
			name = Debug;
		};
		E61318401AE471F400829760 /* Release */ = {
			isa = XCBuildConfiguration;
			buildSettings = {
				ASSETCATALOG_COMPILER_APPICON_NAME = AppIcon;
				ASSETCATALOG_COMPILER_LAUNCHIMAGE_NAME = LaunchImage;
				CODE_SIGN_IDENTITY = "iPhone Developer";
				"CODE_SIGN_IDENTITY[sdk=iphoneos*]" = "iPhone Developer";
				HEADER_SEARCH_PATHS = (
					"$(inherited)",
					/Applications/Xcode.app/Contents/Developer/Toolchains/XcodeDefault.xctoolchain/usr/include,
					"/Users/madisonrockwell/Documents/CS-3308-Project/InPace/InPace/core-plot/framework/**",
				);
				INFOPLIST_FILE = "$(SRCROOT)/InPace/Info.plist";
				IPHONEOS_DEPLOYMENT_TARGET = 8.0;
				LD_RUNPATH_SEARCH_PATHS = "$(inherited) @executable_path/Frameworks";
				PRODUCT_NAME = "$(TARGET_NAME)";
				PROVISIONING_PROFILE = "";
			};
			name = Release;
		};
		E61318421AE471F400829760 /* Debug */ = {
			isa = XCBuildConfiguration;
			buildSettings = {
				BUNDLE_LOADER = "$(TEST_HOST)";
				FRAMEWORK_SEARCH_PATHS = (
					"$(SDKROOT)/Developer/Library/Frameworks",
					"$(inherited)",
				);
				GCC_PREPROCESSOR_DEFINITIONS = (
					"DEBUG=1",
					"$(inherited)",
				);
				INFOPLIST_FILE = InPaceTests/Info.plist;
				LD_RUNPATH_SEARCH_PATHS = "$(inherited) @executable_path/Frameworks @loader_path/Frameworks";
				PRODUCT_NAME = "$(TARGET_NAME)";
				TEST_HOST = "$(BUILT_PRODUCTS_DIR)/InPace.app/InPace";
			};
			name = Debug;
		};
		E61318431AE471F400829760 /* Release */ = {
			isa = XCBuildConfiguration;
			buildSettings = {
				BUNDLE_LOADER = "$(TEST_HOST)";
				FRAMEWORK_SEARCH_PATHS = (
					"$(SDKROOT)/Developer/Library/Frameworks",
					"$(inherited)",
				);
				INFOPLIST_FILE = InPaceTests/Info.plist;
				LD_RUNPATH_SEARCH_PATHS = "$(inherited) @executable_path/Frameworks @loader_path/Frameworks";
				PRODUCT_NAME = "$(TARGET_NAME)";
				TEST_HOST = "$(BUILT_PRODUCTS_DIR)/InPace.app/InPace";
			};
			name = Release;
		};
/* End XCBuildConfiguration section */

/* Begin XCConfigurationList section */
		E61318161AE471F200829760 /* Build configuration list for PBXProject "InPace" */ = {
			isa = XCConfigurationList;
			buildConfigurations = (
				E613183C1AE471F400829760 /* Debug */,
				E613183D1AE471F400829760 /* Release */,
			);
			defaultConfigurationIsVisible = 0;
			defaultConfigurationName = Release;
		};
		E613183E1AE471F400829760 /* Build configuration list for PBXNativeTarget "InPace" */ = {
			isa = XCConfigurationList;
			buildConfigurations = (
				E613183F1AE471F400829760 /* Debug */,
				E61318401AE471F400829760 /* Release */,
			);
			defaultConfigurationIsVisible = 0;
			defaultConfigurationName = Release;
		};
		E61318411AE471F400829760 /* Build configuration list for PBXNativeTarget "InPaceTests" */ = {
			isa = XCConfigurationList;
			buildConfigurations = (
				E61318421AE471F400829760 /* Debug */,
				E61318431AE471F400829760 /* Release */,
			);
			defaultConfigurationIsVisible = 0;
			defaultConfigurationName = Release;
		};
/* End XCConfigurationList section */
	};
	rootObject = E61318131AE471F200829760 /* Project object */;
}
